
Microsoft Visual Studio Solution File, Format Version 12.00
# Visual Studio Version 16
VisualStudioVersion = 16.0.30413.136
MinimumVisualStudioVersion = 10.0.40219.1
Project("{FAE04EC0-301F-11D3-BF4B-00C04F79EFBC}") = "OmniFi-Metadata-Service", "OmniFi-Metadata-Service\OmniFi-Metadata-Service.csproj", "{71110B98-8523-466F-B614-34AB71472E3E}"
EndProject
Global
	GlobalSection(SolutionConfigurationPlatforms) = preSolution
		Debug|Any CPU = Debug|Any CPU
		Release|Any CPU = Release|Any CPU
	EndGlobalSection
	GlobalSection(ProjectConfigurationPlatforms) = postSolution
		{71110B98-8523-466F-B614-34AB71472E3E}.Debug|Any CPU.ActiveCfg = Debug|Any CPU
		{71110B98-8523-466F-B614-34AB71472E3E}.Debug|Any CPU.Build.0 = Debug|Any CPU
		{71110B98-8523-466F-B614-34AB71472E3E}.Release|Any CPU.ActiveCfg = Release|Any CPU
		{71110B98-8523-466F-B614-34AB71472E3E}.Release|Any CPU.Build.0 = Release|Any CPU
	EndGlobalSection
	GlobalSection(SolutionProperties) = preSolution
		HideSolutionNode = FALSE
	EndGlobalSection
	GlobalSection(ExtensibilityGlobals) = postSolution
		SolutionGuid = {176AD9D7-F034-49F4-A207-6FE9D8AD56A2}
	EndGlobalSection
EndGlobal
